
Microsoft Visual Studio Solution File, Format Version 12.00
# Visual Studio Version 16
VisualStudioVersion = 16.0.31005.135
MinimumVisualStudioVersion = 10.0.40219.1
Project("{9A19103F-16F7-4668-BE54-9A1E7A4F7556}") = "Security", "Security\Security.csproj", "{461A0477-1E5C-4187-B041-93E79A987E93}"
EndProject
Project("{9A19103F-16F7-4668-BE54-9A1E7A4F7556}") = "RabbitMq", "RabbitMq\RabbitMq.csproj", "{3CBFA0C1-08C2-465B-A354-B7CA40DE6506}"
EndProject
Project("{FAE04EC0-301F-11D3-BF4B-00C04F79EFBC}") = "RabbitMq.Publisher", "RabbitMq.Publisher\RabbitMq.Publisher.csproj", "{D0BE5687-00F6-4FE0-9EC2-E4E936C38BD3}"
EndProject
Project("{FAE04EC0-301F-11D3-BF4B-00C04F79EFBC}") = "RabbitMq.Subscriber", "RabbitMq.Subscriber\RabbitMq.Subscriber.csproj", "{6CEBC056-F02E-4ECF-9D37-0E8D832C42F6}"
EndProject
Global
	GlobalSection(SolutionConfigurationPlatforms) = preSolution
		Debug|Any CPU = Debug|Any CPU
		Release|Any CPU = Release|Any CPU
	EndGlobalSection
	GlobalSection(ProjectConfigurationPlatforms) = postSolution
		{461A0477-1E5C-4187-B041-93E79A987E93}.Debug|Any CPU.ActiveCfg = Debug|Any CPU
		{461A0477-1E5C-4187-B041-93E79A987E93}.Debug|Any CPU.Build.0 = Debug|Any CPU
		{461A0477-1E5C-4187-B041-93E79A987E93}.Release|Any CPU.ActiveCfg = Release|Any CPU
		{461A0477-1E5C-4187-B041-93E79A987E93}.Release|Any CPU.Build.0 = Release|Any CPU
		{3CBFA0C1-08C2-465B-A354-B7CA40DE6506}.Debug|Any CPU.ActiveCfg = Debug|Any CPU
		{3CBFA0C1-08C2-465B-A354-B7CA40DE6506}.Debug|Any CPU.Build.0 = Debug|Any CPU
		{3CBFA0C1-08C2-465B-A354-B7CA40DE6506}.Release|Any CPU.ActiveCfg = Release|Any CPU
		{3CBFA0C1-08C2-465B-A354-B7CA40DE6506}.Release|Any CPU.Build.0 = Release|Any CPU
		{D0BE5687-00F6-4FE0-9EC2-E4E936C38BD3}.Debug|Any CPU.ActiveCfg = Debug|Any CPU
		{D0BE5687-00F6-4FE0-9EC2-E4E936C38BD3}.Debug|Any CPU.Build.0 = Debug|Any CPU
		{D0BE5687-00F6-4FE0-9EC2-E4E936C38BD3}.Release|Any CPU.ActiveCfg = Release|Any CPU
		{D0BE5687-00F6-4FE0-9EC2-E4E936C38BD3}.Release|Any CPU.Build.0 = Release|Any CPU
		{6CEBC056-F02E-4ECF-9D37-0E8D832C42F6}.Debug|Any CPU.ActiveCfg = Debug|Any CPU
		{6CEBC056-F02E-4ECF-9D37-0E8D832C42F6}.Debug|Any CPU.Build.0 = Debug|Any CPU
		{6CEBC056-F02E-4ECF-9D37-0E8D832C42F6}.Release|Any CPU.ActiveCfg = Release|Any CPU
		{6CEBC056-F02E-4ECF-9D37-0E8D832C42F6}.Release|Any CPU.Build.0 = Release|Any CPU
	EndGlobalSection
	GlobalSection(SolutionProperties) = preSolution
		HideSolutionNode = FALSE
	EndGlobalSection
	GlobalSection(ExtensibilityGlobals) = postSolution
		SolutionGuid = {027A49D9-DE70-4DB9-A241-FDD86FC90D59}
	EndGlobalSection
EndGlobal
